
Microsoft Visual Studio Solution File, Format Version 12.00
# Visual Studio Version 16
VisualStudioVersion = 16.0.30114.105
MinimumVisualStudioVersion = 10.0.40219.1
Project("{FAE04EC0-301F-11D3-BF4B-00C04F79EFBC}") = "Facebook", "Facebook\Facebook.csproj", "{49FC3D7F-1B66-4E0C-AB7A-9C7DC62B1849}"
EndProject
Project("{FAE04EC0-301F-11D3-BF4B-00C04F79EFBC}") = "model", "model\model.csproj", "{381FFD22-543F-4C0E-BD5E-32E8692F0929}"
EndProject
Global
	GlobalSection(SolutionConfigurationPlatforms) = preSolution
		Debug|Any CPU = Debug|Any CPU
		Release|Any CPU = Release|Any CPU
	EndGlobalSection
	GlobalSection(ProjectConfigurationPlatforms) = postSolution
		{49FC3D7F-1B66-4E0C-AB7A-9C7DC62B1849}.Debug|Any CPU.ActiveCfg = Debug|Any CPU
		{49FC3D7F-1B66-4E0C-AB7A-9C7DC62B1849}.Debug|Any CPU.Build.0 = Debug|Any CPU
		{49FC3D7F-1B66-4E0C-AB7A-9C7DC62B1849}.Release|Any CPU.ActiveCfg = Release|Any CPU
		{49FC3D7F-1B66-4E0C-AB7A-9C7DC62B1849}.Release|Any CPU.Build.0 = Release|Any CPU
		{381FFD22-543F-4C0E-BD5E-32E8692F0929}.Debug|Any CPU.ActiveCfg = Debug|Any CPU
		{381FFD22-543F-4C0E-BD5E-32E8692F0929}.Debug|Any CPU.Build.0 = Debug|Any CPU
		{381FFD22-543F-4C0E-BD5E-32E8692F0929}.Release|Any CPU.ActiveCfg = Release|Any CPU
		{381FFD22-543F-4C0E-BD5E-32E8692F0929}.Release|Any CPU.Build.0 = Release|Any CPU
	EndGlobalSection
	GlobalSection(SolutionProperties) = preSolution
		HideSolutionNode = FALSE
	EndGlobalSection
	GlobalSection(ExtensibilityGlobals) = postSolution
		SolutionGuid = {F0EA3C2E-C0FD-4527-8B8E-204DDC6DB384}
	EndGlobalSection
EndGlobal
